
Microsoft Visual Studio Solution File, Format Version 12.00
# Visual Studio Version 16
VisualStudioVersion = 16.0.32126.315
MinimumVisualStudioVersion = 10.0.40219.1
Project("{FAE04EC0-301F-11D3-BF4B-00C04F79EFBC}") = "FiyatTakipSistemi", "FiyatTakipSistemi\FiyatTakipSistemi.csproj", "{0E55949E-D775-484C-8D4E-F863B145ABEE}"
EndProject
Global
	GlobalSection(SolutionConfigurationPlatforms) = preSolution
		Debug|Any CPU = Debug|Any CPU
		Release|Any CPU = Release|Any CPU
	EndGlobalSection
	GlobalSection(ProjectConfigurationPlatforms) = postSolution
		{0E55949E-D775-484C-8D4E-F863B145ABEE}.Debug|Any CPU.ActiveCfg = Debug|Any CPU
		{0E55949E-D775-484C-8D4E-F863B145ABEE}.Debug|Any CPU.Build.0 = Debug|Any CPU
		{0E55949E-D775-484C-8D4E-F863B145ABEE}.Release|Any CPU.ActiveCfg = Release|Any CPU
		{0E55949E-D775-484C-8D4E-F863B145ABEE}.Release|Any CPU.Build.0 = Release|Any CPU
	EndGlobalSection
	GlobalSection(SolutionProperties) = preSolution
		HideSolutionNode = FALSE
	EndGlobalSection
	GlobalSection(ExtensibilityGlobals) = postSolution
		SolutionGuid = {AE53555A-CCFF-441C-AA67-CDC566E35D30}
	EndGlobalSection
EndGlobal
